
Microsoft Visual Studio Solution File, Format Version 12.00
# Visual Studio Version 17
VisualStudioVersion = 17.0.31903.59
MinimumVisualStudioVersion = 10.0.40219.1
Project("{FAE04EC0-301F-11D3-BF4B-00C04F79EFBC}") = "Infrastructure", "Infrastructure\Infrastructure.csproj", "{79C52A55-524D-4140-B76D-D9B9903DCA73}"
EndProject
Project("{FAE04EC0-301F-11D3-BF4B-00C04F79EFBC}") = "Domain", "Domain\Domain.csproj", "{EAE6F058-51B6-414E-8E49-17D814A589CC}"
EndProject
Project("{FAE04EC0-301F-11D3-BF4B-00C04F79EFBC}") = "WebApi", "WebApi\WebApi.csproj", "{4A417D47-E5F2-4BCE-96C3-75221484D3C9}"
EndProject
Global
	GlobalSection(SolutionConfigurationPlatforms) = preSolution
		Debug|Any CPU = Debug|Any CPU
		Release|Any CPU = Release|Any CPU
	EndGlobalSection
	GlobalSection(SolutionProperties) = preSolution
		HideSolutionNode = FALSE
	EndGlobalSection
	GlobalSection(ProjectConfigurationPlatforms) = postSolution
		{79C52A55-524D-4140-B76D-D9B9903DCA73}.Debug|Any CPU.ActiveCfg = Debug|Any CPU
		{79C52A55-524D-4140-B76D-D9B9903DCA73}.Debug|Any CPU.Build.0 = Debug|Any CPU
		{79C52A55-524D-4140-B76D-D9B9903DCA73}.Release|Any CPU.ActiveCfg = Release|Any CPU
		{79C52A55-524D-4140-B76D-D9B9903DCA73}.Release|Any CPU.Build.0 = Release|Any CPU
		{EAE6F058-51B6-414E-8E49-17D814A589CC}.Debug|Any CPU.ActiveCfg = Debug|Any CPU
		{EAE6F058-51B6-414E-8E49-17D814A589CC}.Debug|Any CPU.Build.0 = Debug|Any CPU
		{EAE6F058-51B6-414E-8E49-17D814A589CC}.Release|Any CPU.ActiveCfg = Release|Any CPU
		{EAE6F058-51B6-414E-8E49-17D814A589CC}.Release|Any CPU.Build.0 = Release|Any CPU
		{4A417D47-E5F2-4BCE-96C3-75221484D3C9}.Debug|Any CPU.ActiveCfg = Debug|Any CPU
		{4A417D47-E5F2-4BCE-96C3-75221484D3C9}.Debug|Any CPU.Build.0 = Debug|Any CPU
		{4A417D47-E5F2-4BCE-96C3-75221484D3C9}.Release|Any CPU.ActiveCfg = Release|Any CPU
		{4A417D47-E5F2-4BCE-96C3-75221484D3C9}.Release|Any CPU.Build.0 = Release|Any CPU
	EndGlobalSection
EndGlobal
